
Microsoft Visual Studio Solution File, Format Version 12.00
# Visual Studio 15
VisualStudioVersion = 15.0.27703.2042
MinimumVisualStudioVersion = 10.0.40219.1
Project("{FAE04EC0-301F-11D3-BF4B-00C04F79EFBC}") = "PipelineSample", "PipelineSample\PipelineSample.csproj", "{70C9D827-2A0D-43F7-B5AA-B5F70D449FB9}"
EndProject
Global
	GlobalSection(SolutionConfigurationPlatforms) = preSolution
		Debug|Any CPU = Debug|Any CPU
		Release|Any CPU = Release|Any CPU
	EndGlobalSection
	GlobalSection(ProjectConfigurationPlatforms) = postSolution
		{70C9D827-2A0D-43F7-B5AA-B5F70D449FB9}.Debug|Any CPU.ActiveCfg = Debug|Any CPU
		{70C9D827-2A0D-43F7-B5AA-B5F70D449FB9}.Debug|Any CPU.Build.0 = Debug|Any CPU
		{70C9D827-2A0D-43F7-B5AA-B5F70D449FB9}.Release|Any CPU.ActiveCfg = Release|Any CPU
		{70C9D827-2A0D-43F7-B5AA-B5F70D449FB9}.Release|Any CPU.Build.0 = Release|Any CPU
	EndGlobalSection
	GlobalSection(SolutionProperties) = preSolution
		HideSolutionNode = FALSE
	EndGlobalSection
	GlobalSection(ExtensibilityGlobals) = postSolution
		SolutionGuid = {F4420900-67FE-45E5-98F7-9AB51F67E709}
	EndGlobalSection
EndGlobal
